
Microsoft Visual Studio Solution File, Format Version 12.00
# Visual Studio 15
VisualStudioVersion = 15.0.28010.2046
MinimumVisualStudioVersion = 10.0.40219.1
Project("{FAE04EC0-301F-11D3-BF4B-00C04F79EFBC}") = "TdtdAPI", "TdtdAPI\TdtdAPI.csproj", "{88DE22F0-0E3A-4EA6-8042-9C46FE657C1E}"
EndProject
Project("{FAE04EC0-301F-11D3-BF4B-00C04F79EFBC}") = "TdtdAPI.Tests", "TdtdAPI.Tests\TdtdAPI.Tests.csproj", "{7958FDDB-8518-425D-A90B-828053C1F263}"
EndProject
Project("{FAE04EC0-301F-11D3-BF4B-00C04F79EFBC}") = "Contracts", "Contracts\Contracts.csproj", "{511B8731-51AC-422A-8339-FD2A51791423}"
EndProject
Project("{FAE04EC0-301F-11D3-BF4B-00C04F79EFBC}") = "LoggerService", "LoggerService\LoggerService.csproj", "{7BBBBA14-B504-44EE-A562-93737F6E4B4C}"
EndProject
Global
	GlobalSection(SolutionConfigurationPlatforms) = preSolution
		Debug|Any CPU = Debug|Any CPU
		Release|Any CPU = Release|Any CPU
	EndGlobalSection
	GlobalSection(ProjectConfigurationPlatforms) = postSolution
		{88DE22F0-0E3A-4EA6-8042-9C46FE657C1E}.Debug|Any CPU.ActiveCfg = Debug|Any CPU
		{88DE22F0-0E3A-4EA6-8042-9C46FE657C1E}.Debug|Any CPU.Build.0 = Debug|Any CPU
		{88DE22F0-0E3A-4EA6-8042-9C46FE657C1E}.Release|Any CPU.ActiveCfg = Release|Any CPU
		{88DE22F0-0E3A-4EA6-8042-9C46FE657C1E}.Release|Any CPU.Build.0 = Release|Any CPU
		{7958FDDB-8518-425D-A90B-828053C1F263}.Debug|Any CPU.ActiveCfg = Debug|Any CPU
		{7958FDDB-8518-425D-A90B-828053C1F263}.Debug|Any CPU.Build.0 = Debug|Any CPU
		{7958FDDB-8518-425D-A90B-828053C1F263}.Release|Any CPU.ActiveCfg = Release|Any CPU
		{7958FDDB-8518-425D-A90B-828053C1F263}.Release|Any CPU.Build.0 = Release|Any CPU
		{511B8731-51AC-422A-8339-FD2A51791423}.Debug|Any CPU.ActiveCfg = Debug|Any CPU
		{511B8731-51AC-422A-8339-FD2A51791423}.Debug|Any CPU.Build.0 = Debug|Any CPU
		{511B8731-51AC-422A-8339-FD2A51791423}.Release|Any CPU.ActiveCfg = Release|Any CPU
		{511B8731-51AC-422A-8339-FD2A51791423}.Release|Any CPU.Build.0 = Release|Any CPU
		{7BBBBA14-B504-44EE-A562-93737F6E4B4C}.Debug|Any CPU.ActiveCfg = Debug|Any CPU
		{7BBBBA14-B504-44EE-A562-93737F6E4B4C}.Debug|Any CPU.Build.0 = Debug|Any CPU
		{7BBBBA14-B504-44EE-A562-93737F6E4B4C}.Release|Any CPU.ActiveCfg = Release|Any CPU
		{7BBBBA14-B504-44EE-A562-93737F6E4B4C}.Release|Any CPU.Build.0 = Release|Any CPU
	EndGlobalSection
	GlobalSection(SolutionProperties) = preSolution
		HideSolutionNode = FALSE
	EndGlobalSection
	GlobalSection(ExtensibilityGlobals) = postSolution
		SolutionGuid = {BD6EFFB2-975E-4C81-88A7-6B428178A996}
	EndGlobalSection
EndGlobal
